
Microsoft Visual Studio Solution File, Format Version 12.00
# Visual Studio 14
VisualStudioVersion = 14.0.25420.1
MinimumVisualStudioVersion = 10.0.40219.1
Project("{FAE04EC0-301F-11D3-BF4B-00C04F79EFBC}") = "Wisej.SimpleDemo.MSTest.Debug", "Wisej.SimpleDemo.MSTest\Wisej.SimpleDemo.MSTest.Debug.csproj", "{86CCE7FF-A65C-4219-80BA-8AD8C2CFD0BE}"
EndProject
Project("{FAE04EC0-301F-11D3-BF4B-00C04F79EFBC}") = "SimpleDemo.MSTest.Debug", "SimpleDemo.MSTest\SimpleDemo.MSTest.Debug.csproj", "{12C6E79F-F2AE-4793-BD5F-91AAB08E99B5}"
EndProject
Project("{2150E333-8FDC-42A3-9474-1A3956D46DE8}") = "Framework", "Framework", "{6F589476-C124-4170-A459-67BFFE1C0FF7}"
EndProject
Project("{FAE04EC0-301F-11D3-BF4B-00C04F79EFBC}") = "Qooxdoo.WebDriver.Debug", "..\..\Source\Qooxdoo.WebDriver\Qooxdoo.WebDriver.Debug.csproj", "{E6BE1E5D-58C1-4AD7-B1CB-3F9831A24949}"
EndProject
Project("{FAE04EC0-301F-11D3-BF4B-00C04F79EFBC}") = "WebDriver.Debug", "..\..\Selenium\webdriver\WebDriver.Debug.csproj", "{6941AA74-A97A-48A5-BBFE-1970CCE31E5C}"
EndProject
Project("{FAE04EC0-301F-11D3-BF4B-00C04F79EFBC}") = "WebDriver.Support.Debug", "..\..\Selenium\support\WebDriver.Support.Debug.csproj", "{8F318EF7-DF70-4942-9892-9F2F0D0B239C}"
EndProject
Project("{2150E333-8FDC-42A3-9474-1A3956D46DE8}") = "- Readme", "- Readme", "{DAFC4BFA-F8B0-4881-9B17-2ACAEF961C60}"
	ProjectSection(SolutionItems) = preProject
		..\..\Source\Qooxdoo.WebDriver\Readme.txt = ..\..\Source\Qooxdoo.WebDriver\Readme.txt
	EndProjectSection
EndProject
Global
	GlobalSection(SolutionConfigurationPlatforms) = preSolution
		Debug|Any CPU = Debug|Any CPU
		Release|Any CPU = Release|Any CPU
	EndGlobalSection
	GlobalSection(ProjectConfigurationPlatforms) = postSolution
		{86CCE7FF-A65C-4219-80BA-8AD8C2CFD0BE}.Debug|Any CPU.ActiveCfg = Debug|Any CPU
		{86CCE7FF-A65C-4219-80BA-8AD8C2CFD0BE}.Debug|Any CPU.Build.0 = Debug|Any CPU
		{86CCE7FF-A65C-4219-80BA-8AD8C2CFD0BE}.Release|Any CPU.ActiveCfg = Release|Any CPU
		{86CCE7FF-A65C-4219-80BA-8AD8C2CFD0BE}.Release|Any CPU.Build.0 = Release|Any CPU
		{12C6E79F-F2AE-4793-BD5F-91AAB08E99B5}.Debug|Any CPU.ActiveCfg = Debug|Any CPU
		{12C6E79F-F2AE-4793-BD5F-91AAB08E99B5}.Debug|Any CPU.Build.0 = Debug|Any CPU
		{12C6E79F-F2AE-4793-BD5F-91AAB08E99B5}.Release|Any CPU.ActiveCfg = Debug|Any CPU
		{12C6E79F-F2AE-4793-BD5F-91AAB08E99B5}.Release|Any CPU.Build.0 = Debug|Any CPU
		{E6BE1E5D-58C1-4AD7-B1CB-3F9831A24949}.Debug|Any CPU.ActiveCfg = Debug|Any CPU
		{E6BE1E5D-58C1-4AD7-B1CB-3F9831A24949}.Debug|Any CPU.Build.0 = Debug|Any CPU
		{E6BE1E5D-58C1-4AD7-B1CB-3F9831A24949}.Release|Any CPU.ActiveCfg = Debug|Any CPU
		{E6BE1E5D-58C1-4AD7-B1CB-3F9831A24949}.Release|Any CPU.Build.0 = Debug|Any CPU
		{6941AA74-A97A-48A5-BBFE-1970CCE31E5C}.Debug|Any CPU.ActiveCfg = Debug|Any CPU
		{6941AA74-A97A-48A5-BBFE-1970CCE31E5C}.Debug|Any CPU.Build.0 = Debug|Any CPU
		{6941AA74-A97A-48A5-BBFE-1970CCE31E5C}.Release|Any CPU.ActiveCfg = Debug|Any CPU
		{6941AA74-A97A-48A5-BBFE-1970CCE31E5C}.Release|Any CPU.Build.0 = Debug|Any CPU
		{8F318EF7-DF70-4942-9892-9F2F0D0B239C}.Debug|Any CPU.ActiveCfg = Debug|Any CPU
		{8F318EF7-DF70-4942-9892-9F2F0D0B239C}.Debug|Any CPU.Build.0 = Debug|Any CPU
		{8F318EF7-DF70-4942-9892-9F2F0D0B239C}.Release|Any CPU.ActiveCfg = Debug|Any CPU
		{8F318EF7-DF70-4942-9892-9F2F0D0B239C}.Release|Any CPU.Build.0 = Debug|Any CPU
	EndGlobalSection
	GlobalSection(SolutionProperties) = preSolution
		HideSolutionNode = FALSE
	EndGlobalSection
	GlobalSection(NestedProjects) = preSolution
		{E6BE1E5D-58C1-4AD7-B1CB-3F9831A24949} = {6F589476-C124-4170-A459-67BFFE1C0FF7}
		{6941AA74-A97A-48A5-BBFE-1970CCE31E5C} = {6F589476-C124-4170-A459-67BFFE1C0FF7}
		{8F318EF7-DF70-4942-9892-9F2F0D0B239C} = {6F589476-C124-4170-A459-67BFFE1C0FF7}
	EndGlobalSection
EndGlobal
